dependencies:
  espressif/esp_tinyusb:
    component_hash: f151d680d6847bfcfd5d8eb6d1c3ff926c208e6b963b2e83643a141bc70baa15
    source:
      service_url: https://api.components.espressif.com/
      type: service
    version: 1.4.4
  espressif/led_strip:
    component_hash: fc66f8544851132555bc668475f7b68acd6a211c8075db5ce1951cbfa27dfb88
    source:
      service_url: https://api.components.espressif.com/
      type: service
    version: 2.5.4
  espressif/tinyusb:
    component_hash: 214989d502fc168241a4a4f83b097d8ac44a93cd6f1787b4ac10069a8b3bebd3
    source:
      service_url: https://api.components.espressif.com/
      type: service
    version: 0.15.0~10
  idf:
    component_hash: null
    source:
      type: idf
    version: 5.3.0
manifest_hash: f86e463364015ba6e4bdcd3a71be5592c593e68c3f5b1e6a61f439370e5d88d2
target: esp32s3
version: 1.0.0
